
Microsoft Visual Studio Solution File, Format Version 12.00
# Visual Studio 14
VisualStudioVersion = 14.0.25420.1
MinimumVisualStudioVersion = 10.0.40219.1
Project("{FAE04EC0-301F-11D3-BF4B-00C04F79EFBC}") = "KIOSKS.DotNetComponent", "KIOSKS.DotNetComponent\KIOSKS.DotNetComponent.csproj", "{953B05E4-5078-4CA3-87A1-FF86108FCDA2}"
EndProject
Project("{2150E333-8FDC-42A3-9474-1A3956D46DE8}") = "1DotNetService", "1DotNetService", "{8DB87231-4D33-4707-9B7D-7880D63F4B6B}"
EndProject
Project("{2150E333-8FDC-42A3-9474-1A3956D46DE8}") = "2APIComponent", "2APIComponent", "{AE5CD7DB-31C2-48CF-98D0-A6CD8B2C21B8}"
EndProject
Project("{FAE04EC0-301F-11D3-BF4B-00C04F79EFBC}") = "APIService", "APIService\APIService.csproj", "{981941B4-29F1-47FC-A752-3733DCAAD326}"
EndProject
Global
	GlobalSection(SolutionConfigurationPlatforms) = preSolution
		Debug|Any CPU = Debug|Any CPU
		Release|Any CPU = Release|Any CPU
	EndGlobalSection
	GlobalSection(ProjectConfigurationPlatforms) = postSolution
		{953B05E4-5078-4CA3-87A1-FF86108FCDA2}.Debug|Any CPU.ActiveCfg = Debug|Any CPU
		{953B05E4-5078-4CA3-87A1-FF86108FCDA2}.Debug|Any CPU.Build.0 = Debug|Any CPU
		{953B05E4-5078-4CA3-87A1-FF86108FCDA2}.Release|Any CPU.ActiveCfg = Release|Any CPU
		{953B05E4-5078-4CA3-87A1-FF86108FCDA2}.Release|Any CPU.Build.0 = Release|Any CPU
		{981941B4-29F1-47FC-A752-3733DCAAD326}.Debug|Any CPU.ActiveCfg = Debug|Any CPU
		{981941B4-29F1-47FC-A752-3733DCAAD326}.Debug|Any CPU.Build.0 = Debug|Any CPU
		{981941B4-29F1-47FC-A752-3733DCAAD326}.Release|Any CPU.ActiveCfg = Release|Any CPU
		{981941B4-29F1-47FC-A752-3733DCAAD326}.Release|Any CPU.Build.0 = Release|Any CPU
	EndGlobalSection
	GlobalSection(SolutionProperties) = preSolution
		HideSolutionNode = FALSE
	EndGlobalSection
	GlobalSection(NestedProjects) = preSolution
		{953B05E4-5078-4CA3-87A1-FF86108FCDA2} = {8DB87231-4D33-4707-9B7D-7880D63F4B6B}
		{981941B4-29F1-47FC-A752-3733DCAAD326} = {AE5CD7DB-31C2-48CF-98D0-A6CD8B2C21B8}
	EndGlobalSection
EndGlobal
